PODS:
  - HandyJSON (4.1.3)
  - SDCycleScrollView (1.75):
    - SDWebImage (>= 4.0.0)
  - SDWebImage (4.4.2):
    - SDWebImage/Core (= 4.4.2)
  - SDWebImage/Core (4.4.2)

DEPENDENCIES:
  - HandyJSON (~> 4.1.1)
  - SDCycleScrollView (~> 1.75)

SPEC REPOS:
  https://github.com/cocoapods/specs.git:
    - HandyJSON
    - SDCycleScrollView
    - SDWebImage

SPEC CHECKSUMS:
  HandyJSON: bc81fbeb62d65ae5d5942ed29bc4a8265d18c1e8
  SDCycleScrollView: 884b88f0266dd4708a0e1934975c69cb971707b1
  SDWebImage: 624d6e296c69b244bcede364c72ae0430ac14681

PODFILE CHECKSUM: ef26e2b63495d3db6a5fc3cddcee0c2f197c5f99

COCOAPODS: 1.5.3
