// !$*UTF8*$!
{
	archiveVersion = 1;
	classes = {
	};
	objectVersion = 48;
	objects = {

/* Begin PBXBuildFile section */
		D768CFB7211830CE00E43EAD /* AppDelegate.swift in Sources */ = {isa = PBXBuildFile; fileRef = D768CFB6211830CE00E43EAD /* AppDelegate.swift */; };
		D768CFB9211830CE00E43EAD /* MainViewController.swift in Sources */ = {isa = PBXBuildFile; fileRef = D768CFB8211830CE00E43EAD /* MainViewController.swift */; };
		D768CFBC211830CE00E43EAD /* Main.storyboard in Resources */ = {isa = PBXBuildFile; fileRef = D768CFBA211830CE00E43EAD /* Main.storyboard */; };
		D768CFBF211830CE00E43EAD /* kidsgo.xcdatamodeld in Sources */ = {isa = PBXBuildFile; fileRef = D768CFBD211830CE00E43EAD /* kidsgo.xcdatamodeld */; };
		D768CFC1211830CE00E43EAD /* Assets.xcassets in Resources */ = {isa = PBXBuildFile; fileRef = D768CFC0211830CE00E43EAD /* Assets.xcassets */; };
		D768CFC4211830CE00E43EAD /* LaunchScreen.storyboard in Resources */ = {isa = PBXBuildFile; fileRef = D768CFC2211830CE00E43EAD /* LaunchScreen.storyboard */; };
		D771CFB421198C62008A9D61 /* const.swift in Sources */ = {isa = PBXBuildFile; fileRef = D771CFB321198C62008A9D61 /* const.swift */; };
		D771CFB6211AE7AD008A9D61 /* CommonNavigationController.swift in Sources */ = {isa = PBXBuildFile; fileRef = D771CFB5211AE7AD008A9D61 /* CommonNavigationController.swift */; };
		D771CFB8211AE97C008A9D61 /* CommonViewController.swift in Sources */ = {isa = PBXBuildFile; fileRef = D771CFB7211AE97C008A9D61 /* CommonViewController.swift */; };
/* End PBXBuildFile section */

/* Begin PBXFileReference section */
		D768CFB3211830CE00E43EAD /* kidsgo.app */ = {isa = PBXFileReference; explicitFileType = wrapper.application; includeInIndex = 0; path = kidsgo.app; sourceTree = BUILT_PRODUCTS_DIR; };
		D768CFB6211830CE00E43EAD /* AppDelegate.swift */ = {isa = PBXFileReference; lastKnownFileType = sourcecode.swift; path = AppDelegate.swift; sourceTree = "<group>"; };
		D768CFB8211830CE00E43EAD /* MainViewController.swift */ = {isa = PBXFileReference; lastKnownFileType = sourcecode.swift; path = MainViewController.swift; sourceTree = "<group>"; };
		D768CFBB211830CE00E43EAD /* Base */ = {isa = PBXFileReference; lastKnownFileType = file.storyboard; name = Base; path = Base.lproj/Main.storyboard; sourceTree = "<group>"; };
		D768CFBE211830CE00E43EAD /* kidsgo.xcdatamodel */ = {isa = PBXFileReference; lastKnownFileType = wrapper.xcdatamodel; path = kidsgo.xcdatamodel; sourceTree = "<group>"; };
		D768CFC0211830CE00E43EAD /* Assets.xcassets */ = {isa = PBXFileReference; lastKnownFileType = folder.assetcatalog; path = Assets.xcassets; sourceTree = "<group>"; };
		D768CFC3211830CE00E43EAD /* Base */ = {isa = PBXFileReference; lastKnownFileType = file.storyboard; name = Base; path = Base.lproj/LaunchScreen.storyboard; sourceTree = "<group>"; };
		D768CFC5211830CE00E43EAD /* Info.plist */ = {isa = PBXFileReference; lastKnownFileType = text.plist.xml; path = Info.plist; sourceTree = "<group>"; };
		D771CFB321198C62008A9D61 /* const.swift */ = {isa = PBXFileReference; lastKnownFileType = sourcecode.swift; path = const.swift; sourceTree = "<group>"; };
		D771CFB5211AE7AD008A9D61 /* CommonNavigationController.swift */ = {isa = PBXFileReference; lastKnownFileType = sourcecode.swift; path = CommonNavigationController.swift; sourceTree = "<group>"; };
		D771CFB7211AE97C008A9D61 /* CommonViewController.swift */ = {isa = PBXFileReference; lastKnownFileType = sourcecode.swift; path = CommonViewController.swift; sourceTree = "<group>"; };
/* End PBXFileReference section */

/* Begin PBXFrameworksBuildPhase section */
		D768CFB0211830CE00E43EAD /* Frameworks */ = {
			isa = PBXFrameworksBuildPhase;
			buildActionMask = 2147483647;
			files = (
			);
			runOnlyForDeploymentPostprocessing = 0;
		};
/* End PBXFrameworksBuildPhase section */

/* Begin PBXGroup section */
		D768CFAA211830CE00E43EAD = {
			isa = PBXGroup;
			children = (
				D768CFB5211830CE00E43EAD /* kidsgo */,
				D768CFB4211830CE00E43EAD /* Products */,
			);
			sourceTree = "<group>";
		};
		D768CFB4211830CE00E43EAD /* Products */ = {
			isa = PBXGroup;
			children = (
				D768CFB3211830CE00E43EAD /* kidsgo.app */,
			);
			name = Products;
			sourceTree = "<group>";
		};
		D768CFB5211830CE00E43EAD /* kidsgo */ = {
			isa = PBXGroup;
			children = (
				D771CFB221198C4D008A9D61 /* common */,
				D768CFCB2118315800E43EAD /* main */,
				D768CFC0211830CE00E43EAD /* Assets.xcassets */,
				D768CFC2211830CE00E43EAD /* LaunchScreen.storyboard */,
				D768CFC5211830CE00E43EAD /* Info.plist */,
				D768CFBD211830CE00E43EAD /* kidsgo.xcdatamodeld */,
			);
			path = kidsgo;
			sourceTree = "<group>";
		};
		D768CFCB2118315800E43EAD /* main */ = {
			isa = PBXGroup;
			children = (
				D768CFCC211831FC00E43EAD /* controller */,
				D768CFB6211830CE00E43EAD /* AppDelegate.swift */,
			);
			path = main;
			sourceTree = "<group>";
		};
		D768CFCC211831FC00E43EAD /* controller */ = {
			isa = PBXGroup;
			children = (
				D768CFBA211830CE00E43EAD /* Main.storyboard */,
				D768CFB8211830CE00E43EAD /* MainViewController.swift */,
			);
			path = controller;
			sourceTree = "<group>";
		};
		D771CFB221198C4D008A9D61 /* common */ = {
			isa = PBXGroup;
			children = (
				D771CFB321198C62008A9D61 /* const.swift */,
				D771CFB5211AE7AD008A9D61 /* CommonNavigationController.swift */,
				D771CFB7211AE97C008A9D61 /* CommonViewController.swift */,
			);
			path = common;
			sourceTree = "<group>";
		};
/* End PBXGroup section */

/* Begin PBXNativeTarget section */
		D768CFB2211830CE00E43EAD /* kidsgo */ = {
			isa = PBXNativeTarget;
			buildConfigurationList = D768CFC8211830CE00E43EAD /* Build configuration list for PBXNativeTarget "kidsgo" */;
			buildPhases = (
				D768CFAF211830CE00E43EAD /* Sources */,
				D768CFB0211830CE00E43EAD /* Frameworks */,
				D768CFB1211830CE00E43EAD /* Resources */,
			);
			buildRules = (
			);
			dependencies = (
			);
			name = kidsgo;
			productName = kidsgo;
			productReference = D768CFB3211830CE00E43EAD /* kidsgo.app */;
			productType = "com.apple.product-type.application";
		};
/* End PBXNativeTarget section */

/* Begin PBXProject section */
		D768CFAB211830CE00E43EAD /* Project object */ = {
			isa = PBXProject;
			attributes = {
				LastSwiftUpdateCheck = 0920;
				LastUpgradeCheck = 0920;
				ORGANIZATIONNAME = "Jeffery Xu";
				TargetAttributes = {
					D768CFB2211830CE00E43EAD = {
						CreatedOnToolsVersion = 9.2;
						ProvisioningStyle = Automatic;
					};
				};
			};
			buildConfigurationList = D768CFAE211830CE00E43EAD /* Build configuration list for PBXProject "kidsgo" */;
			compatibilityVersion = "Xcode 8.0";
			developmentRegion = en;
			hasScannedForEncodings = 0;
			knownRegions = (
				en,
				Base,
			);
			mainGroup = D768CFAA211830CE00E43EAD;
			productRefGroup = D768CFB4211830CE00E43EAD /* Products */;
			projectDirPath = "";
			projectRoot = "";
			targets = (
				D768CFB2211830CE00E43EAD /* kidsgo */,
			);
		};
/* End PBXProject section */

/* Begin PBXResourcesBuildPhase section */
		D768CFB1211830CE00E43EAD /* Resources */ = {
			isa = PBXResourcesBuildPhase;
			buildActionMask = 2147483647;
			files = (
				D768CFC4211830CE00E43EAD /* LaunchScreen.storyboard in Resources */,
				D768CFC1211830CE00E43EAD /* Assets.xcassets in Resources */,
				D768CFBC211830CE00E43EAD /* Main.storyboard in Resources */,
			);
			runOnlyForDeploymentPostprocessing = 0;
		};
/* End PBXResourcesBuildPhase section */

/* Begin PBXSourcesBuildPhase section */
		D768CFAF211830CE00E43EAD /* Sources */ = {
			isa = PBXSourcesBuildPhase;
			buildActionMask = 2147483647;
			files = (
				D768CFB9211830CE00E43EAD /* MainViewController.swift in Sources */,
				D771CFB421198C62008A9D61 /* const.swift in Sources */,
				D771CFB6211AE7AD008A9D61 /* CommonNavigationController.swift in Sources */,
				D771CFB8211AE97C008A9D61 /* CommonViewController.swift in Sources */,
				D768CFBF211830CE00E43EAD /* kidsgo.xcdatamodeld in Sources */,
				D768CFB7211830CE00E43EAD /* AppDelegate.swift in Sources */,
			);
			runOnlyForDeploymentPostprocessing = 0;
		};
/* End PBXSourcesBuildPhase section */

/* Begin PBXVariantGroup section */
		D768CFBA211830CE00E43EAD /* Main.storyboard */ = {
			isa = PBXVariantGroup;
			children = (
				D768CFBB211830CE00E43EAD /* Base */,
			);
			name = Main.storyboard;
			sourceTree = "<group>";
		};
		D768CFC2211830CE00E43EAD /* LaunchScreen.storyboard */ = {
			isa = PBXVariantGroup;
			children = (
				D768CFC3211830CE00E43EAD /* Base */,
			);
			name = LaunchScreen.storyboard;
			sourceTree = "<group>";
		};
/* End PBXVariantGroup section */

/* Begin XCBuildConfiguration section */
		D768CFC6211830CE00E43EAD /* Debug */ = {
			isa = XCBuildConfiguration;
			buildSettings = {
				ALWAYS_SEARCH_USER_PATHS = NO;
				CLANG_ANALYZER_NONNULL = YES;
				CLANG_ANALYZER_NUMBER_OBJECT_CONVERSION = YES_AGGRESSIVE;
				CLANG_CXX_LANGUAGE_STANDARD = "gnu++14";
				CLANG_CXX_LIBRARY = "libc++";
				CLANG_ENABLE_MODULES = YES;
				CLANG_ENABLE_OBJC_ARC = YES;
				CLANG_WARN_BLOCK_CAPTURE_AUTORELEASING = YES;
				CLANG_WARN_BOOL_CONVERSION = YES;
				CLANG_WARN_COMMA = YES;
				CLANG_WARN_CONSTANT_CONVERSION = YES;
				CLANG_WARN_DIRECT_OBJC_ISA_USAGE = YES_ERROR;
				CLANG_WARN_DOCUMENTATION_COMMENTS = YES;
				CLANG_WARN_EMPTY_BODY = YES;
				CLANG_WARN_ENUM_CONVERSION = YES;
				CLANG_WARN_INFINITE_RECURSION = YES;
				CLANG_WARN_INT_CONVERSION = YES;
				CLANG_WARN_NON_LITERAL_NULL_CONVERSION = YES;
				CLANG_WARN_OBJC_LITERAL_CONVERSION = YES;
				CLANG_WARN_OBJC_ROOT_CLASS = YES_ERROR;
				CLANG_WARN_RANGE_LOOP_ANALYSIS = YES;
				CLANG_WARN_STRICT_PROTOTYPES = YES;
				CLANG_WARN_SUSPICIOUS_MOVE = YES;
				CLANG_WARN_UNGUARDED_AVAILABILITY = YES_AGGRESSIVE;
				CLANG_WARN_UNREACHABLE_CODE = YES;
				CLANG_WARN__DUPLICATE_METHOD_MATCH = YES;
				CODE_SIGN_IDENTITY = "iPhone Developer";
				COPY_PHASE_STRIP = NO;
				DEBUG_INFORMATION_FORMAT = dwarf;
				ENABLE_STRICT_OBJC_MSGSEND = YES;
				ENABLE_TESTABILITY = YES;
				GCC_C_LANGUAGE_STANDARD = gnu11;
				GCC_DYNAMIC_NO_PIC = NO;
				GCC_NO_COMMON_BLOCKS = YES;
				GCC_OPTIMIZATION_LEVEL = 0;
				GCC_PREPROCESSOR_DEFINITIONS = (
					"DEBUG=1",
					"$(inherited)",
				);
				GCC_WARN_64_TO_32_BIT_CONVERSION = YES;
				GCC_WARN_ABOUT_RETURN_TYPE = YES_ERROR;
				GCC_WARN_UNDECLARED_SELECTOR = YES;
				GCC_WARN_UNINITIALIZED_AUTOS = YES_AGGRESSIVE;
				GCC_WARN_UNUSED_FUNCTION = YES;
				GCC_WARN_UNUSED_VARIABLE = YES;
				IPHONEOS_DEPLOYMENT_TARGET = 11.2;
				MTL_ENABLE_DEBUG_INFO = YES;
				ONLY_ACTIVE_ARCH = YES;
				SDKROOT = iphoneos;
				SWIFT_ACTIVE_COMPILATION_CONDITIONS = DEBUG;
				SWIFT_OPTIMIZATION_LEVEL = "-Onone";
			};
			name = Debug;
		};
		D768CFC7211830CE00E43EAD /* Release */ = {
			isa = XCBuildConfiguration;
			buildSettings = {
				ALWAYS_SEARCH_USER_PATHS = NO;
				CLANG_ANALYZER_NONNULL = YES;
				CLANG_ANALYZER_NUMBER_OBJECT_CONVERSION = YES_AGGRESSIVE;
				CLANG_CXX_LANGUAGE_STANDARD = "gnu++14";
				CLANG_CXX_LIBRARY = "libc++";
				CLANG_ENABLE_MODULES = YES;
				CLANG_ENABLE_OBJC_ARC = YES;
				CLANG_WARN_BLOCK_CAPTURE_AUTORELEASING = YES;
				CLANG_WARN_BOOL_CONVERSION = YES;
				CLANG_WARN_COMMA = YES;
				CLANG_WARN_CONSTANT_CONVERSION = YES;
				CLANG_WARN_DIRECT_OBJC_ISA_USAGE = YES_ERROR;
				CLANG_WARN_DOCUMENTATION_COMMENTS = YES;
				CLANG_WARN_EMPTY_BODY = YES;
				CLANG_WARN_ENUM_CONVERSION = YES;
				CLANG_WARN_INFINITE_RECURSION = YES;
				CLANG_WARN_INT_CONVERSION = YES;
				CLANG_WARN_NON_LITERAL_NULL_CONVERSION = YES;
				CLANG_WARN_OBJC_LITERAL_CONVERSION = YES;
				CLANG_WARN_OBJC_ROOT_CLASS = YES_ERROR;
				CLANG_WARN_RANGE_LOOP_ANALYSIS = YES;
				CLANG_WARN_STRICT_PROTOTYPES = YES;
				CLANG_WARN_SUSPICIOUS_MOVE = YES;
				CLANG_WARN_UNGUARDED_AVAILABILITY = YES_AGGRESSIVE;
				CLANG_WARN_UNREACHABLE_CODE = YES;
				CLANG_WARN__DUPLICATE_METHOD_MATCH = YES;
				CODE_SIGN_IDENTITY = "iPhone Developer";
				COPY_PHASE_STRIP = NO;
				DEBUG_INFORMATION_FORMAT = "dwarf-with-dsym";
				ENABLE_NS_ASSERTIONS = NO;
				ENABLE_STRICT_OBJC_MSGSEND = YES;
				GCC_C_LANGUAGE_STANDARD = gnu11;
				GCC_NO_COMMON_BLOCKS = YES;
				GCC_WARN_64_TO_32_BIT_CONVERSION = YES;
				GCC_WARN_ABOUT_RETURN_TYPE = YES_ERROR;
				GCC_WARN_UNDECLARED_SELECTOR = YES;
				GCC_WARN_UNINITIALIZED_AUTOS = YES_AGGRESSIVE;
				GCC_WARN_UNUSED_FUNCTION = YES;
				GCC_WARN_UNUSED_VARIABLE = YES;
				IPHONEOS_DEPLOYMENT_TARGET = 11.2;
				MTL_ENABLE_DEBUG_INFO = NO;
				SDKROOT = iphoneos;
				SWIFT_OPTIMIZATION_LEVEL = "-Owholemodule";
				VALIDATE_PRODUCT = YES;
			};
			name = Release;
		};
		D768CFC9211830CE00E43EAD /* Debug */ = {
			isa = XCBuildConfiguration;
			buildSettings = {
				ASSETCATALOG_COMPILER_APPICON_NAME = AppIcon;
				CODE_SIGN_STYLE = Automatic;
				INFOPLIST_FILE = kidsgo/Info.plist;
				LD_RUNPATH_SEARCH_PATHS = "$(inherited) @executable_path/Frameworks";
				PRODUCT_BUNDLE_IDENTIFIER = com.jeffx.kidsgo;
				PRODUCT_NAME = "$(TARGET_NAME)";
				SWIFT_VERSION = 4.0;
				TARGETED_DEVICE_FAMILY = "1,2";
			};
			name = Debug;
		};
		D768CFCA211830CE00E43EAD /* Release */ = {
			isa = XCBuildConfiguration;
			buildSettings = {
				ASSETCATALOG_COMPILER_APPICON_NAME = AppIcon;
				CODE_SIGN_STYLE = Automatic;
				INFOPLIST_FILE = kidsgo/Info.plist;
				LD_RUNPATH_SEARCH_PATHS = "$(inherited) @executable_path/Frameworks";
				PRODUCT_BUNDLE_IDENTIFIER = com.jeffx.kidsgo;
				PRODUCT_NAME = "$(TARGET_NAME)";
				SWIFT_VERSION = 4.0;
				TARGETED_DEVICE_FAMILY = "1,2";
			};
			name = Release;
		};
/* End XCBuildConfiguration section */

/* Begin XCConfigurationList section */
		D768CFAE211830CE00E43EAD /* Build configuration list for PBXProject "kidsgo" */ = {
			isa = XCConfigurationList;
			buildConfigurations = (
				D768CFC6211830CE00E43EAD /* Debug */,
				D768CFC7211830CE00E43EAD /* Release */,
			);
			defaultConfigurationIsVisible = 0;
			defaultConfigurationName = Release;
		};
		D768CFC8211830CE00E43EAD /* Build configuration list for PBXNativeTarget "kidsgo" */ = {
			isa = XCConfigurationList;
			buildConfigurations = (
				D768CFC9211830CE00E43EAD /* Debug */,
				D768CFCA211830CE00E43EAD /* Release */,
			);
			defaultConfigurationIsVisible = 0;
			defaultConfigurationName = Release;
		};
/* End XCConfigurationList section */

/* Begin XCVersionGroup section */
		D768CFBD211830CE00E43EAD /* kidsgo.xcdatamodeld */ = {
			isa = XCVersionGroup;
			children = (
				D768CFBE211830CE00E43EAD /* kidsgo.xcdatamodel */,
			);
			currentVersion = D768CFBE211830CE00E43EAD /* kidsgo.xcdatamodel */;
			path = kidsgo.xcdatamodeld;
			sourceTree = "<group>";
			versionGroupType = wrapper.xcdatamodel;
		};
/* End XCVersionGroup section */
	};
	rootObject = D768CFAB211830CE00E43EAD /* Project object */;
}
