// !$*UTF8*$!
{
	archiveVersion = 1;
	classes = {
	};
	objectVersion = 48;
	objects = {

/* Begin PBXBuildFile section */
		81C47B12256BD21B29F9DFBD /* Pods_kidsgo.framework in Frameworks */ = {isa = PBXBuildFile; fileRef = DB135D9267463E008757F119 /* Pods_kidsgo.framework */; };
		D73213F3212018A60020B96D /* adverheader.xib in Resources */ = {isa = PBXBuildFile; fileRef = D73213F2212018A60020B96D /* adverheader.xib */; };
		D73213F521201E080020B96D /* AdverHeaderView.swift in Sources */ = {isa = PBXBuildFile; fileRef = D73213F421201E080020B96D /* AdverHeaderView.swift */; };
		D7608EBE212D3A880002AAB9 /* CategoryModelJSON.swift in Sources */ = {isa = PBXBuildFile; fileRef = D7608EBD212D3A880002AAB9 /* CategoryModelJSON.swift */; };
		D7608EC0212D43EA0002AAB9 /* CategoryModelDetailJSON.swift in Sources */ = {isa = PBXBuildFile; fileRef = D7608EBF212D43EA0002AAB9 /* CategoryModelDetailJSON.swift */; };
		D7608EC2212D45490002AAB9 /* categoryIcon.xib in Resources */ = {isa = PBXBuildFile; fileRef = D7608EC1212D45490002AAB9 /* categoryIcon.xib */; };
		D7608EC4212D4CD00002AAB9 /* CategoryIconView.swift in Sources */ = {isa = PBXBuildFile; fileRef = D7608EC3212D4CD00002AAB9 /* CategoryIconView.swift */; };
		D768CFB7211830CE00E43EAD /* AppDelegate.swift in Sources */ = {isa = PBXBuildFile; fileRef = D768CFB6211830CE00E43EAD /* AppDelegate.swift */; };
		D768CFB9211830CE00E43EAD /* MainViewController.swift in Sources */ = {isa = PBXBuildFile; fileRef = D768CFB8211830CE00E43EAD /* MainViewController.swift */; };
		D768CFBC211830CE00E43EAD /* Main.storyboard in Resources */ = {isa = PBXBuildFile; fileRef = D768CFBA211830CE00E43EAD /* Main.storyboard */; };
		D768CFBF211830CE00E43EAD /* kidsgo.xcdatamodeld in Sources */ = {isa = PBXBuildFile; fileRef = D768CFBD211830CE00E43EAD /* kidsgo.xcdatamodeld */; };
		D768CFC1211830CE00E43EAD /* Assets.xcassets in Resources */ = {isa = PBXBuildFile; fileRef = D768CFC0211830CE00E43EAD /* Assets.xcassets */; };
		D768CFC4211830CE00E43EAD /* LaunchScreen.storyboard in Resources */ = {isa = PBXBuildFile; fileRef = D768CFC2211830CE00E43EAD /* LaunchScreen.storyboard */; };
		D771CFB421198C62008A9D61 /* const.swift in Sources */ = {isa = PBXBuildFile; fileRef = D771CFB321198C62008A9D61 /* const.swift */; };
		D771CFB6211AE7AD008A9D61 /* CommonNavigationController.swift in Sources */ = {isa = PBXBuildFile; fileRef = D771CFB5211AE7AD008A9D61 /* CommonNavigationController.swift */; };
		D771CFB8211AE97C008A9D61 /* CommonViewController.swift in Sources */ = {isa = PBXBuildFile; fileRef = D771CFB7211AE97C008A9D61 /* CommonViewController.swift */; };
		D7A22E6F211EDEFA00BAA127 /* SubViewController.swift in Sources */ = {isa = PBXBuildFile; fileRef = D7A22E6E211EDEFA00BAA127 /* SubViewController.swift */; };
		D7A22E72211EE00C00BAA127 /* ParentViewController.swift in Sources */ = {isa = PBXBuildFile; fileRef = D7A22E71211EE00C00BAA127 /* ParentViewController.swift */; };
		D7ED301C211EC7C700C57B9D /* HomeViewController.swift in Sources */ = {isa = PBXBuildFile; fileRef = D7ED301B211EC7C700C57B9D /* HomeViewController.swift */; };
		D7F7A3232123F94300625810 /* HomeViewModel.swift in Sources */ = {isa = PBXBuildFile; fileRef = D7F7A3222123F94300625810 /* HomeViewModel.swift */; };
		D7F7A326212401F000625810 /* AdverHeaderJSON.swift in Sources */ = {isa = PBXBuildFile; fileRef = D7F7A325212401F000625810 /* AdverHeaderJSON.swift */; };
		D7F7A3282124067200625810 /* AdverHeaderImagesJSON.swift in Sources */ = {isa = PBXBuildFile; fileRef = D7F7A3272124067200625810 /* AdverHeaderImagesJSON.swift */; };
/* End PBXBuildFile section */

/* Begin PBXFileReference section */
		140F22DD6EF5E5A5B7FF43DD /* Pods-kidsgo.release.xcconfig */ = {isa = PBXFileReference; includeInIndex = 1; lastKnownFileType = text.xcconfig; name = "Pods-kidsgo.release.xcconfig"; path = "Pods/Target Support Files/Pods-kidsgo/Pods-kidsgo.release.xcconfig"; sourceTree = "<group>"; };
		B8FA9AC4849DFED115854A00 /* Pods-kidsgo.debug.xcconfig */ = {isa = PBXFileReference; includeInIndex = 1; lastKnownFileType = text.xcconfig; name = "Pods-kidsgo.debug.xcconfig"; path = "Pods/Target Support Files/Pods-kidsgo/Pods-kidsgo.debug.xcconfig"; sourceTree = "<group>"; };
		D73213F2212018A60020B96D /* adverheader.xib */ = {isa = PBXFileReference; lastKnownFileType = file.xib; path = adverheader.xib; sourceTree = "<group>"; };
		D73213F421201E080020B96D /* AdverHeaderView.swift */ = {isa = PBXFileReference; lastKnownFileType = sourcecode.swift; path = AdverHeaderView.swift; sourceTree = "<group>"; };
		D7608EBD212D3A880002AAB9 /* CategoryModelJSON.swift */ = {isa = PBXFileReference; lastKnownFileType = sourcecode.swift; path = CategoryModelJSON.swift; sourceTree = "<group>"; };
		D7608EBF212D43EA0002AAB9 /* CategoryModelDetailJSON.swift */ = {isa = PBXFileReference; lastKnownFileType = sourcecode.swift; path = CategoryModelDetailJSON.swift; sourceTree = "<group>"; };
		D7608EC1212D45490002AAB9 /* categoryIcon.xib */ = {isa = PBXFileReference; lastKnownFileType = file.xib; path = categoryIcon.xib; sourceTree = "<group>"; };
		D7608EC3212D4CD00002AAB9 /* CategoryIconView.swift */ = {isa = PBXFileReference; lastKnownFileType = sourcecode.swift; path = CategoryIconView.swift; sourceTree = "<group>"; };
		D768CFB3211830CE00E43EAD /* kidsgo.app */ = {isa = PBXFileReference; explicitFileType = wrapper.application; includeInIndex = 0; path = kidsgo.app; sourceTree = BUILT_PRODUCTS_DIR; };
		D768CFB6211830CE00E43EAD /* AppDelegate.swift */ = {isa = PBXFileReference; lastKnownFileType = sourcecode.swift; path = AppDelegate.swift; sourceTree = "<group>"; };
		D768CFB8211830CE00E43EAD /* MainViewController.swift */ = {isa = PBXFileReference; lastKnownFileType = sourcecode.swift; path = MainViewController.swift; sourceTree = "<group>"; };
		D768CFBB211830CE00E43EAD /* Base */ = {isa = PBXFileReference; lastKnownFileType = file.storyboard; name = Base; path = Base.lproj/Main.storyboard; sourceTree = "<group>"; };
		D768CFBE211830CE00E43EAD /* kidsgo.xcdatamodel */ = {isa = PBXFileReference; lastKnownFileType = wrapper.xcdatamodel; path = kidsgo.xcdatamodel; sourceTree = "<group>"; };
		D768CFC0211830CE00E43EAD /* Assets.xcassets */ = {isa = PBXFileReference; lastKnownFileType = folder.assetcatalog; path = Assets.xcassets; sourceTree = "<group>"; };
		D768CFC3211830CE00E43EAD /* Base */ = {isa = PBXFileReference; lastKnownFileType = file.storyboard; name = Base; path = Base.lproj/LaunchScreen.storyboard; sourceTree = "<group>"; };
		D768CFC5211830CE00E43EAD /* Info.plist */ = {isa = PBXFileReference; lastKnownFileType = text.plist.xml; path = Info.plist; sourceTree = "<group>"; };
		D771CFB321198C62008A9D61 /* const.swift */ = {isa = PBXFileReference; lastKnownFileType = sourcecode.swift; path = const.swift; sourceTree = "<group>"; };
		D771CFB5211AE7AD008A9D61 /* CommonNavigationController.swift */ = {isa = PBXFileReference; lastKnownFileType = sourcecode.swift; path = CommonNavigationController.swift; sourceTree = "<group>"; };
		D771CFB7211AE97C008A9D61 /* CommonViewController.swift */ = {isa = PBXFileReference; lastKnownFileType = sourcecode.swift; path = CommonViewController.swift; sourceTree = "<group>"; };
		D7A22E6E211EDEFA00BAA127 /* SubViewController.swift */ = {isa = PBXFileReference; lastKnownFileType = sourcecode.swift; path = SubViewController.swift; sourceTree = "<group>"; };
		D7A22E71211EE00C00BAA127 /* ParentViewController.swift */ = {isa = PBXFileReference; lastKnownFileType = sourcecode.swift; path = ParentViewController.swift; sourceTree = "<group>"; };
		D7ED301B211EC7C700C57B9D /* HomeViewController.swift */ = {isa = PBXFileReference; lastKnownFileType = sourcecode.swift; path = HomeViewController.swift; sourceTree = "<group>"; };
		D7F7A3222123F94300625810 /* HomeViewModel.swift */ = {isa = PBXFileReference; lastKnownFileType = sourcecode.swift; path = HomeViewModel.swift; sourceTree = "<group>"; };
		D7F7A325212401F000625810 /* AdverHeaderJSON.swift */ = {isa = PBXFileReference; lastKnownFileType = sourcecode.swift; path = AdverHeaderJSON.swift; sourceTree = "<group>"; };
		D7F7A3272124067200625810 /* AdverHeaderImagesJSON.swift */ = {isa = PBXFileReference; lastKnownFileType = sourcecode.swift; path = AdverHeaderImagesJSON.swift; sourceTree = "<group>"; };
		DB135D9267463E008757F119 /* Pods_kidsgo.framework */ = {isa = PBXFileReference; explicitFileType = wrapper.framework; includeInIndex = 0; path = Pods_kidsgo.framework; sourceTree = BUILT_PRODUCTS_DIR; };
/* End PBXFileReference section */

/* Begin PBXFrameworksBuildPhase section */
		D768CFB0211830CE00E43EAD /* Frameworks */ = {
			isa = PBXFrameworksBuildPhase;
			buildActionMask = 2147483647;
			files = (
				81C47B12256BD21B29F9DFBD /* Pods_kidsgo.framework in Frameworks */,
			);
			runOnlyForDeploymentPostprocessing = 0;
		};
/* End PBXFrameworksBuildPhase section */

/* Begin PBXGroup section */
		5D4E28CE4C6C40FC0BEDA260 /* Pods */ = {
			isa = PBXGroup;
			children = (
				B8FA9AC4849DFED115854A00 /* Pods-kidsgo.debug.xcconfig */,
				140F22DD6EF5E5A5B7FF43DD /* Pods-kidsgo.release.xcconfig */,
			);
			name = Pods;
			sourceTree = "<group>";
		};
		851598922646533E7CD08014 /* Frameworks */ = {
			isa = PBXGroup;
			children = (
				DB135D9267463E008757F119 /* Pods_kidsgo.framework */,
			);
			name = Frameworks;
			sourceTree = "<group>";
		};
		D73213F12120187B0020B96D /* view */ = {
			isa = PBXGroup;
			children = (
				D73213F2212018A60020B96D /* adverheader.xib */,
				D73213F421201E080020B96D /* AdverHeaderView.swift */,
				D7608EC1212D45490002AAB9 /* categoryIcon.xib */,
				D7608EC3212D4CD00002AAB9 /* CategoryIconView.swift */,
			);
			path = view;
			sourceTree = "<group>";
		};
		D768CFAA211830CE00E43EAD = {
			isa = PBXGroup;
			children = (
				D768CFB5211830CE00E43EAD /* kidsgo */,
				D768CFB4211830CE00E43EAD /* Products */,
				5D4E28CE4C6C40FC0BEDA260 /* Pods */,
				851598922646533E7CD08014 /* Frameworks */,
			);
			sourceTree = "<group>";
		};
		D768CFB4211830CE00E43EAD /* Products */ = {
			isa = PBXGroup;
			children = (
				D768CFB3211830CE00E43EAD /* kidsgo.app */,
			);
			name = Products;
			sourceTree = "<group>";
		};
		D768CFB5211830CE00E43EAD /* kidsgo */ = {
			isa = PBXGroup;
			children = (
				D7A22E70211EDFF700BAA127 /* parent */,
				D7A22E6D211EDEDC00BAA127 /* subcribe */,
				D7ED301A211EC7A700C57B9D /* home */,
				D771CFB221198C4D008A9D61 /* common */,
				D768CFCB2118315800E43EAD /* main */,
				D768CFC0211830CE00E43EAD /* Assets.xcassets */,
				D768CFC2211830CE00E43EAD /* LaunchScreen.storyboard */,
				D768CFC5211830CE00E43EAD /* Info.plist */,
				D768CFBD211830CE00E43EAD /* kidsgo.xcdatamodeld */,
			);
			path = kidsgo;
			sourceTree = "<group>";
		};
		D768CFCB2118315800E43EAD /* main */ = {
			isa = PBXGroup;
			children = (
				D768CFCC211831FC00E43EAD /* controller */,
				D768CFB6211830CE00E43EAD /* AppDelegate.swift */,
			);
			path = main;
			sourceTree = "<group>";
		};
		D768CFCC211831FC00E43EAD /* controller */ = {
			isa = PBXGroup;
			children = (
				D768CFBA211830CE00E43EAD /* Main.storyboard */,
				D768CFB8211830CE00E43EAD /* MainViewController.swift */,
			);
			path = controller;
			sourceTree = "<group>";
		};
		D771CFB221198C4D008A9D61 /* common */ = {
			isa = PBXGroup;
			children = (
				D771CFB321198C62008A9D61 /* const.swift */,
				D771CFB5211AE7AD008A9D61 /* CommonNavigationController.swift */,
				D771CFB7211AE97C008A9D61 /* CommonViewController.swift */,
			);
			path = common;
			sourceTree = "<group>";
		};
		D7A22E6D211EDEDC00BAA127 /* subcribe */ = {
			isa = PBXGroup;
			children = (
				D7A22E6E211EDEFA00BAA127 /* SubViewController.swift */,
			);
			path = subcribe;
			sourceTree = "<group>";
		};
		D7A22E70211EDFF700BAA127 /* parent */ = {
			isa = PBXGroup;
			children = (
				D7A22E71211EE00C00BAA127 /* ParentViewController.swift */,
			);
			path = parent;
			sourceTree = "<group>";
		};
		D7ED301A211EC7A700C57B9D /* home */ = {
			isa = PBXGroup;
			children = (
				D7F7A3242123F9A100625810 /* viewmodel */,
				D7F7A3212123F91A00625810 /* model */,
				D73213F12120187B0020B96D /* view */,
				D7ED301B211EC7C700C57B9D /* HomeViewController.swift */,
			);
			path = home;
			sourceTree = "<group>";
		};
		D7F7A3212123F91A00625810 /* model */ = {
			isa = PBXGroup;
			children = (
				D7F7A325212401F000625810 /* AdverHeaderJSON.swift */,
				D7F7A3272124067200625810 /* AdverHeaderImagesJSON.swift */,
				D7608EBD212D3A880002AAB9 /* CategoryModelJSON.swift */,
				D7608EBF212D43EA0002AAB9 /* CategoryModelDetailJSON.swift */,
			);
			path = model;
			sourceTree = "<group>";
		};
		D7F7A3242123F9A100625810 /* viewmodel */ = {
			isa = PBXGroup;
			children = (
				D7F7A3222123F94300625810 /* HomeViewModel.swift */,
			);
			path = viewmodel;
			sourceTree = "<group>";
		};
/* End PBXGroup section */

/* Begin PBXNativeTarget section */
		D768CFB2211830CE00E43EAD /* kidsgo */ = {
			isa = PBXNativeTarget;
			buildConfigurationList = D768CFC8211830CE00E43EAD /* Build configuration list for PBXNativeTarget "kidsgo" */;
			buildPhases = (
				E8CC4A5FB6CD90E4ADDD6947 /* [CP] Check Pods Manifest.lock */,
				D768CFAF211830CE00E43EAD /* Sources */,
				D768CFB0211830CE00E43EAD /* Frameworks */,
				D768CFB1211830CE00E43EAD /* Resources */,
				F1B3C90C8B8C935A8A4A0D26 /* [CP] Embed Pods Frameworks */,
			);
			buildRules = (
			);
			dependencies = (
			);
			name = kidsgo;
			productName = kidsgo;
			productReference = D768CFB3211830CE00E43EAD /* kidsgo.app */;
			productType = "com.apple.product-type.application";
		};
/* End PBXNativeTarget section */

/* Begin PBXProject section */
		D768CFAB211830CE00E43EAD /* Project object */ = {
			isa = PBXProject;
			attributes = {
				LastSwiftUpdateCheck = 0920;
				LastUpgradeCheck = 0920;
				ORGANIZATIONNAME = "Jeffery Xu";
				TargetAttributes = {
					D768CFB2211830CE00E43EAD = {
						CreatedOnToolsVersion = 9.2;
						ProvisioningStyle = Manual;
					};
				};
			};
			buildConfigurationList = D768CFAE211830CE00E43EAD /* Build configuration list for PBXProject "kidsgo" */;
			compatibilityVersion = "Xcode 8.0";
			developmentRegion = en;
			hasScannedForEncodings = 0;
			knownRegions = (
				en,
				Base,
			);
			mainGroup = D768CFAA211830CE00E43EAD;
			productRefGroup = D768CFB4211830CE00E43EAD /* Products */;
			projectDirPath = "";
			projectRoot = "";
			targets = (
				D768CFB2211830CE00E43EAD /* kidsgo */,
			);
		};
/* End PBXProject section */

/* Begin PBXResourcesBuildPhase section */
		D768CFB1211830CE00E43EAD /* Resources */ = {
			isa = PBXResourcesBuildPhase;
			buildActionMask = 2147483647;
			files = (
				D7608EC2212D45490002AAB9 /* categoryIcon.xib in Resources */,
				D768CFC4211830CE00E43EAD /* LaunchScreen.storyboard in Resources */,
				D768CFC1211830CE00E43EAD /* Assets.xcassets in Resources */,
				D768CFBC211830CE00E43EAD /* Main.storyboard in Resources */,
				D73213F3212018A60020B96D /* adverheader.xib in Resources */,
			);
			runOnlyForDeploymentPostprocessing = 0;
		};
/* End PBXResourcesBuildPhase section */

/* Begin PBXShellScriptBuildPhase section */
		E8CC4A5FB6CD90E4ADDD6947 /* [CP] Check Pods Manifest.lock */ = {
			isa = PBXShellScriptBuildPhase;
			buildActionMask = 2147483647;
			files = (
			);
			inputPaths = (
				"${PODS_PODFILE_DIR_PATH}/Podfile.lock",
				"${PODS_ROOT}/Manifest.lock",
			);
			name = "[CP] Check Pods Manifest.lock";
			outputPaths = (
				"$(DERIVED_FILE_DIR)/Pods-kidsgo-checkManifestLockResult.txt",
			);
			runOnlyForDeploymentPostprocessing = 0;
			shellPath = /bin/sh;
			shellScript = "diff \"${PODS_PODFILE_DIR_PATH}/Podfile.lock\" \"${PODS_ROOT}/Manifest.lock\" > /dev/null\nif [ $? != 0 ] ; then\n    # print error to STDERR\n    echo \"error: The sandbox is not in sync with the Podfile.lock. Run 'pod install' or update your CocoaPods installation.\" >&2\n    exit 1\nfi\n# This output is used by Xcode 'outputs' to avoid re-running this script phase.\necho \"SUCCESS\" > \"${SCRIPT_OUTPUT_FILE_0}\"\n";
			showEnvVarsInLog = 0;
		};
		F1B3C90C8B8C935A8A4A0D26 /* [CP] Embed Pods Frameworks */ = {
			isa = PBXShellScriptBuildPhase;
			buildActionMask = 2147483647;
			files = (
			);
			inputPaths = (
				"${SRCROOT}/Pods/Target Support Files/Pods-kidsgo/Pods-kidsgo-frameworks.sh",
				"${BUILT_PRODUCTS_DIR}/HandyJSON/HandyJSON.framework",
				"${BUILT_PRODUCTS_DIR}/SDCycleScrollView/SDCycleScrollView.framework",
				"${BUILT_PRODUCTS_DIR}/SDWebImage/SDWebImage.framework",
			);
			name = "[CP] Embed Pods Frameworks";
			outputPaths = (
				"${TARGET_BUILD_DIR}/${FRAMEWORKS_FOLDER_PATH}/HandyJSON.framework",
				"${TARGET_BUILD_DIR}/${FRAMEWORKS_FOLDER_PATH}/SDCycleScrollView.framework",
				"${TARGET_BUILD_DIR}/${FRAMEWORKS_FOLDER_PATH}/SDWebImage.framework",
			);
			runOnlyForDeploymentPostprocessing = 0;
			shellPath = /bin/sh;
			shellScript = "\"${SRCROOT}/Pods/Target Support Files/Pods-kidsgo/Pods-kidsgo-frameworks.sh\"\n";
			showEnvVarsInLog = 0;
		};
/* End PBXShellScriptBuildPhase section */

/* Begin PBXSourcesBuildPhase section */
		D768CFAF211830CE00E43EAD /* Sources */ = {
			isa = PBXSourcesBuildPhase;
			buildActionMask = 2147483647;
			files = (
				D7F7A3282124067200625810 /* AdverHeaderImagesJSON.swift in Sources */,
				D768CFB9211830CE00E43EAD /* MainViewController.swift in Sources */,
				D7F7A326212401F000625810 /* AdverHeaderJSON.swift in Sources */,
				D7608EC4212D4CD00002AAB9 /* CategoryIconView.swift in Sources */,
				D7F7A3232123F94300625810 /* HomeViewModel.swift in Sources */,
				D771CFB421198C62008A9D61 /* const.swift in Sources */,
				D771CFB6211AE7AD008A9D61 /* CommonNavigationController.swift in Sources */,
				D7A22E6F211EDEFA00BAA127 /* SubViewController.swift in Sources */,
				D771CFB8211AE97C008A9D61 /* CommonViewController.swift in Sources */,
				D768CFBF211830CE00E43EAD /* kidsgo.xcdatamodeld in Sources */,
				D7ED301C211EC7C700C57B9D /* HomeViewController.swift in Sources */,
				D768CFB7211830CE00E43EAD /* AppDelegate.swift in Sources */,
				D7608EBE212D3A880002AAB9 /* CategoryModelJSON.swift in Sources */,
				D73213F521201E080020B96D /* AdverHeaderView.swift in Sources */,
				D7A22E72211EE00C00BAA127 /* ParentViewController.swift in Sources */,
				D7608EC0212D43EA0002AAB9 /* CategoryModelDetailJSON.swift in Sources */,
			);
			runOnlyForDeploymentPostprocessing = 0;
		};
/* End PBXSourcesBuildPhase section */

/* Begin PBXVariantGroup section */
		D768CFBA211830CE00E43EAD /* Main.storyboard */ = {
			isa = PBXVariantGroup;
			children = (
				D768CFBB211830CE00E43EAD /* Base */,
			);
			name = Main.storyboard;
			sourceTree = "<group>";
		};
		D768CFC2211830CE00E43EAD /* LaunchScreen.storyboard */ = {
			isa = PBXVariantGroup;
			children = (
				D768CFC3211830CE00E43EAD /* Base */,
			);
			name = LaunchScreen.storyboard;
			sourceTree = "<group>";
		};
/* End PBXVariantGroup section */

/* Begin XCBuildConfiguration section */
		D768CFC6211830CE00E43EAD /* Debug */ = {
			isa = XCBuildConfiguration;
			buildSettings = {
				ALWAYS_SEARCH_USER_PATHS = NO;
				CLANG_ANALYZER_NONNULL = YES;
				CLANG_ANALYZER_NUMBER_OBJECT_CONVERSION = YES_AGGRESSIVE;
				CLANG_CXX_LANGUAGE_STANDARD = "gnu++14";
				CLANG_CXX_LIBRARY = "libc++";
				CLANG_ENABLE_MODULES = YES;
				CLANG_ENABLE_OBJC_ARC = YES;
				CLANG_WARN_BLOCK_CAPTURE_AUTORELEASING = YES;
				CLANG_WARN_BOOL_CONVERSION = YES;
				CLANG_WARN_COMMA = YES;
				CLANG_WARN_CONSTANT_CONVERSION = YES;
				CLANG_WARN_DIRECT_OBJC_ISA_USAGE = YES_ERROR;
				CLANG_WARN_DOCUMENTATION_COMMENTS = YES;
				CLANG_WARN_EMPTY_BODY = YES;
				CLANG_WARN_ENUM_CONVERSION = YES;
				CLANG_WARN_INFINITE_RECURSION = YES;
				CLANG_WARN_INT_CONVERSION = YES;
				CLANG_WARN_NON_LITERAL_NULL_CONVERSION = YES;
				CLANG_WARN_OBJC_LITERAL_CONVERSION = YES;
				CLANG_WARN_OBJC_ROOT_CLASS = YES_ERROR;
				CLANG_WARN_RANGE_LOOP_ANALYSIS = YES;
				CLANG_WARN_STRICT_PROTOTYPES = YES;
				CLANG_WARN_SUSPICIOUS_MOVE = YES;
				CLANG_WARN_UNGUARDED_AVAILABILITY = YES_AGGRESSIVE;
				CLANG_WARN_UNREACHABLE_CODE = YES;
				CLANG_WARN__DUPLICATE_METHOD_MATCH = YES;
				CODE_SIGN_IDENTITY = "iPhone Developer";
				COPY_PHASE_STRIP = NO;
				DEBUG_INFORMATION_FORMAT = dwarf;
				ENABLE_STRICT_OBJC_MSGSEND = YES;
				ENABLE_TESTABILITY = YES;
				GCC_C_LANGUAGE_STANDARD = gnu11;
				GCC_DYNAMIC_NO_PIC = NO;
				GCC_NO_COMMON_BLOCKS = YES;
				GCC_OPTIMIZATION_LEVEL = 0;
				GCC_PREPROCESSOR_DEFINITIONS = (
					"DEBUG=1",
					"$(inherited)",
				);
				GCC_WARN_64_TO_32_BIT_CONVERSION = YES;
				GCC_WARN_ABOUT_RETURN_TYPE = YES_ERROR;
				GCC_WARN_UNDECLARED_SELECTOR = YES;
				GCC_WARN_UNINITIALIZED_AUTOS = YES_AGGRESSIVE;
				GCC_WARN_UNUSED_FUNCTION = YES;
				GCC_WARN_UNUSED_VARIABLE = YES;
				IPHONEOS_DEPLOYMENT_TARGET = 11.2;
				MTL_ENABLE_DEBUG_INFO = YES;
				ONLY_ACTIVE_ARCH = YES;
				SDKROOT = iphoneos;
				SWIFT_ACTIVE_COMPILATION_CONDITIONS = DEBUG;
				SWIFT_OPTIMIZATION_LEVEL = "-Onone";
			};
			name = Debug;
		};
		D768CFC7211830CE00E43EAD /* Release */ = {
			isa = XCBuildConfiguration;
			buildSettings = {
				ALWAYS_SEARCH_USER_PATHS = NO;
				CLANG_ANALYZER_NONNULL = YES;
				CLANG_ANALYZER_NUMBER_OBJECT_CONVERSION = YES_AGGRESSIVE;
				CLANG_CXX_LANGUAGE_STANDARD = "gnu++14";
				CLANG_CXX_LIBRARY = "libc++";
				CLANG_ENABLE_MODULES = YES;
				CLANG_ENABLE_OBJC_ARC = YES;
				CLANG_WARN_BLOCK_CAPTURE_AUTORELEASING = YES;
				CLANG_WARN_BOOL_CONVERSION = YES;
				CLANG_WARN_COMMA = YES;
				CLANG_WARN_CONSTANT_CONVERSION = YES;
				CLANG_WARN_DIRECT_OBJC_ISA_USAGE = YES_ERROR;
				CLANG_WARN_DOCUMENTATION_COMMENTS = YES;
				CLANG_WARN_EMPTY_BODY = YES;
				CLANG_WARN_ENUM_CONVERSION = YES;
				CLANG_WARN_INFINITE_RECURSION = YES;
				CLANG_WARN_INT_CONVERSION = YES;
				CLANG_WARN_NON_LITERAL_NULL_CONVERSION = YES;
				CLANG_WARN_OBJC_LITERAL_CONVERSION = YES;
				CLANG_WARN_OBJC_ROOT_CLASS = YES_ERROR;
				CLANG_WARN_RANGE_LOOP_ANALYSIS = YES;
				CLANG_WARN_STRICT_PROTOTYPES = YES;
				CLANG_WARN_SUSPICIOUS_MOVE = YES;
				CLANG_WARN_UNGUARDED_AVAILABILITY = YES_AGGRESSIVE;
				CLANG_WARN_UNREACHABLE_CODE = YES;
				CLANG_WARN__DUPLICATE_METHOD_MATCH = YES;
				CODE_SIGN_IDENTITY = "iPhone Developer";
				COPY_PHASE_STRIP = NO;
				DEBUG_INFORMATION_FORMAT = "dwarf-with-dsym";
				ENABLE_NS_ASSERTIONS = NO;
				ENABLE_STRICT_OBJC_MSGSEND = YES;
				GCC_C_LANGUAGE_STANDARD = gnu11;
				GCC_NO_COMMON_BLOCKS = YES;
				GCC_WARN_64_TO_32_BIT_CONVERSION = YES;
				GCC_WARN_ABOUT_RETURN_TYPE = YES_ERROR;
				GCC_WARN_UNDECLARED_SELECTOR = YES;
				GCC_WARN_UNINITIALIZED_AUTOS = YES_AGGRESSIVE;
				GCC_WARN_UNUSED_FUNCTION = YES;
				GCC_WARN_UNUSED_VARIABLE = YES;
				IPHONEOS_DEPLOYMENT_TARGET = 11.2;
				MTL_ENABLE_DEBUG_INFO = NO;
				SDKROOT = iphoneos;
				SWIFT_OPTIMIZATION_LEVEL = "-Owholemodule";
				VALIDATE_PRODUCT = YES;
			};
			name = Release;
		};
		D768CFC9211830CE00E43EAD /* Debug */ = {
			isa = XCBuildConfiguration;
			baseConfigurationReference = B8FA9AC4849DFED115854A00 /* Pods-kidsgo.debug.xcconfig */;
			buildSettings = {
				ASSETCATALOG_COMPILER_APPICON_NAME = AppIcon;
				CODE_SIGN_STYLE = Manual;
				DEVELOPMENT_TEAM = "";
				INFOPLIST_FILE = kidsgo/Info.plist;
				LD_RUNPATH_SEARCH_PATHS = "$(inherited) @executable_path/Frameworks";
				PRODUCT_BUNDLE_IDENTIFIER = com.jeffx.kidsgo;
				PRODUCT_NAME = "$(TARGET_NAME)";
				PROVISIONING_PROFILE_SPECIFIER = "";
				SWIFT_VERSION = 4.0;
				TARGETED_DEVICE_FAMILY = "1,2";
			};
			name = Debug;
		};
		D768CFCA211830CE00E43EAD /* Release */ = {
			isa = XCBuildConfiguration;
			baseConfigurationReference = 140F22DD6EF5E5A5B7FF43DD /* Pods-kidsgo.release.xcconfig */;
			buildSettings = {
				ASSETCATALOG_COMPILER_APPICON_NAME = AppIcon;
				CODE_SIGN_STYLE = Manual;
				DEVELOPMENT_TEAM = "";
				INFOPLIST_FILE = kidsgo/Info.plist;
				LD_RUNPATH_SEARCH_PATHS = "$(inherited) @executable_path/Frameworks";
				PRODUCT_BUNDLE_IDENTIFIER = com.jeffx.kidsgo;
				PRODUCT_NAME = "$(TARGET_NAME)";
				PROVISIONING_PROFILE_SPECIFIER = "";
				SWIFT_VERSION = 4.0;
				TARGETED_DEVICE_FAMILY = "1,2";
			};
			name = Release;
		};
/* End XCBuildConfiguration section */

/* Begin XCConfigurationList section */
		D768CFAE211830CE00E43EAD /* Build configuration list for PBXProject "kidsgo" */ = {
			isa = XCConfigurationList;
			buildConfigurations = (
				D768CFC6211830CE00E43EAD /* Debug */,
				D768CFC7211830CE00E43EAD /* Release */,
			);
			defaultConfigurationIsVisible = 0;
			defaultConfigurationName = Release;
		};
		D768CFC8211830CE00E43EAD /* Build configuration list for PBXNativeTarget "kidsgo" */ = {
			isa = XCConfigurationList;
			buildConfigurations = (
				D768CFC9211830CE00E43EAD /* Debug */,
				D768CFCA211830CE00E43EAD /* Release */,
			);
			defaultConfigurationIsVisible = 0;
			defaultConfigurationName = Release;
		};
/* End XCConfigurationList section */

/* Begin XCVersionGroup section */
		D768CFBD211830CE00E43EAD /* kidsgo.xcdatamodeld */ = {
			isa = XCVersionGroup;
			children = (
				D768CFBE211830CE00E43EAD /* kidsgo.xcdatamodel */,
			);
			currentVersion = D768CFBE211830CE00E43EAD /* kidsgo.xcdatamodel */;
			path = kidsgo.xcdatamodeld;
			sourceTree = "<group>";
			versionGroupType = wrapper.xcdatamodel;
		};
/* End XCVersionGroup section */
	};
	rootObject = D768CFAB211830CE00E43EAD /* Project object */;
}
